
Microsoft Visual Studio Solution File, Format Version 12.00
# Visual Studio Version 16
VisualStudioVersion = 16.0.29509.3
MinimumVisualStudioVersion = 10.0.40219.1
Project("{FAE04EC0-301F-11D3-BF4B-00C04F79EFBC}") = "PVFSimple", "PVFSimple.csproj", "{82EDCE73-9E81-4149-93E1-4A9542AFDEF0}"
EndProject
Global
	GlobalSection(SolutionConfigurationPlatforms) = preSolution
		Debug|Any CPU = Debug|Any CPU
		Debug|x64 = Debug|x64
		Release|Any CPU = Release|Any CPU
		Release|x64 = Release|x64
	EndGlobalSection
	GlobalSection(ProjectConfigurationPlatforms) = postSolution
		{82EDCE73-9E81-4149-93E1-4A9542AFDEF0}.Debug|Any CPU.ActiveCfg = Debug|Any CPU
		{82EDCE73-9E81-4149-93E1-4A9542AFDEF0}.Debug|Any CPU.Build.0 = Debug|Any CPU
		{82EDCE73-9E81-4149-93E1-4A9542AFDEF0}.Debug|x64.ActiveCfg = Debug|x64
		{82EDCE73-9E81-4149-93E1-4A9542AFDEF0}.Debug|x64.Build.0 = Debug|x64
		{82EDCE73-9E81-4149-93E1-4A9542AFDEF0}.Release|Any CPU.ActiveCfg = Release|Any CPU
		{82EDCE73-9E81-4149-93E1-4A9542AFDEF0}.Release|Any CPU.Build.0 = Release|Any CPU
		{82EDCE73-9E81-4149-93E1-4A9542AFDEF0}.Release|x64.ActiveCfg = Release|x64
		{82EDCE73-9E81-4149-93E1-4A9542AFDEF0}.Release|x64.Build.0 = Release|x64
	EndGlobalSection
	GlobalSection(SolutionProperties) = preSolution
		HideSolutionNode = FALSE
	EndGlobalSection
	GlobalSection(ExtensibilityGlobals) = postSolution
		SolutionGuid = {AF126283-A709-4FDA-B1DC-205E3E24A72C}
	EndGlobalSection
EndGlobal
